// !$*UTF8*$!
{
	archiveVersion = 1;
	classes = {
	};
	objectVersion = 56;
	objects = {

/* Begin PBXBuildFile section */
		E53E77DC2B59A43800963EB7 /* WidgetKit.framework in Frameworks */ = {isa = PBXBuildFile; fileRef = E53E77DB2B59A43800963EB7 /* WidgetKit.framework */; };
		E53E77DE2B59A43800963EB7 /* SwiftUI.framework in Frameworks */ = {isa = PBXBuildFile; fileRef = E53E77DD2B59A43800963EB7 /* SwiftUI.framework */; };
		E53E77E12B59A43800963EB7 /* DynamicislandWidgetBundle.swift in Sources */ = {isa = PBXBuildFile; fileRef = E53E77E02B59A43800963EB7 /* DynamicislandWidgetBundle.swift */; };
		E53E77E32B59A43800963EB7 /* DynamicislandWidgetLiveActivity.swift in Sources */ = {isa = PBXBuildFile; fileRef = E53E77E22B59A43800963EB7 /* DynamicislandWidgetLiveActivity.swift */; };
		E53E77E72B59A43800963EB7 /* AppIntent.swift in Sources */ = {isa = PBXBuildFile; fileRef = E53E77E62B59A43800963EB7 /* AppIntent.swift */; };
		E53E77E92B59A43900963EB7 /* Assets.xcassets in Resources */ = {isa = PBXBuildFile; fileRef = E53E77E82B59A43900963EB7 /* Assets.xcassets */; };
		E53E77ED2B59A43900963EB7 /* DynamicislandWidgetExtension.appex in Embed Foundation Extensions */ = {isa = PBXBuildFile; fileRef = E53E77D92B59A43700963EB7 /* DynamicislandWidgetExtension.appex */; settings = {ATTRIBUTES = (RemoveHeadersOnCopy, ); }; };
		E53E77F32B59AA4F00963EB7 /* lockHome.swift in Sources */ = {isa = PBXBuildFile; fileRef = E5797AB32B56D43400BEE375 /* lockHome.swift */; };
		E53E77F82B59AE8100963EB7 /* DynamicislandWidgetLiveActivity.swift in Sources */ = {isa = PBXBuildFile; fileRef = E53E77E22B59A43800963EB7 /* DynamicislandWidgetLiveActivity.swift */; };
		E53E77FA2B5A765500963EB7 /* DynamicislandWidget.swift in Sources */ = {isa = PBXBuildFile; fileRef = E53E77E42B59A43800963EB7 /* DynamicislandWidget.swift */; };
		E54B0FF82B454C1200CC1925 /* ChocolateModel.swift in Sources */ = {isa = PBXBuildFile; fileRef = E54B0FF72B454C1200CC1925 /* ChocolateModel.swift */; };
		E5797AB42B56D43400BEE375 /* lockHome.swift in Sources */ = {isa = PBXBuildFile; fileRef = E5797AB32B56D43400BEE375 /* lockHome.swift */; };
		E5A122CF2B3A990C00C03F38 /* TextModel.swift in Sources */ = {isa = PBXBuildFile; fileRef = E5A122CE2B3A990C00C03F38 /* TextModel.swift */; };
		E5A122D22B3A9A0900C03F38 /* ContentView.swift in Sources */ = {isa = PBXBuildFile; fileRef = E5A122D12B3A9A0900C03F38 /* ContentView.swift */; };
		E5D61CB82B55969B00EA36F8 /* ListModel.swift in Sources */ = {isa = PBXBuildFile; fileRef = E5D61CB72B55969B00EA36F8 /* ListModel.swift */; };
		E5D61CBC2B55986A00EA36F8 /* 나눔손글씨 꽃내음.ttf in Resources */ = {isa = PBXBuildFile; fileRef = E5D61CBB2B55986A00EA36F8 /* 나눔손글씨 꽃내음.ttf */; };
		E5DDCDE42B3719BC005567CE /* SweetyApp.swift in Sources */ = {isa = PBXBuildFile; fileRef = E5DDCDE32B3719BC005567CE /* SweetyApp.swift */; };
		E5DDCDE62B3719BC005567CE /* Home.swift in Sources */ = {isa = PBXBuildFile; fileRef = E5DDCDE52B3719BC005567CE /* Home.swift */; };
		E5DDCDE82B3719BD005567CE /* Assets.xcassets in Resources */ = {isa = PBXBuildFile; fileRef = E5DDCDE72B3719BD005567CE /* Assets.xcassets */; };
		E5DDCDEB2B3719BD005567CE /* Preview Assets.xcassets in Resources */ = {isa = PBXBuildFile; fileRef = E5DDCDEA2B3719BD005567CE /* Preview Assets.xcassets */; };
		E5DDCDF22B371AFC005567CE /* ListView.swift in Sources */ = {isa = PBXBuildFile; fileRef = E5DDCDF12B371AFC005567CE /* ListView.swift */; };
		E5DDCDF72B371B97005567CE /* Eatting.swift in Sources */ = {isa = PBXBuildFile; fileRef = E5DDCDF62B371B97005567CE /* Eatting.swift */; };
/* End PBXBuildFile section */

/* Begin PBXContainerItemProxy section */
		E53E77EB2B59A43900963EB7 /* PBXContainerItemProxy */ = {
			isa = PBXContainerItemProxy;
			containerPortal = E5DDCDD82B3719BC005567CE /* Project object */;
			proxyType = 1;
			remoteGlobalIDString = E53E77D82B59A43700963EB7;
			remoteInfo = DynamicislandWidgetExtension;
		};
/* End PBXContainerItemProxy section */

/* Begin PBXCopyFilesBuildPhase section */
		E53E77F12B59A43900963EB7 /* Embed Foundation Extensions */ = {
			isa = PBXCopyFilesBuildPhase;
			buildActionMask = 2147483647;
			dstPath = "";
			dstSubfolderSpec = 13;
			files = (
				E53E77ED2B59A43900963EB7 /* DynamicislandWidgetExtension.appex in Embed Foundation Extensions */,
			);
			name = "Embed Foundation Extensions";
			runOnlyForDeploymentPostprocessing = 0;
		};
/* End PBXCopyFilesBuildPhase section */

/* Begin PBXFileReference section */
		E53E77D92B59A43700963EB7 /* DynamicislandWidgetExtension.appex */ = {isa = PBXFileReference; explicitFileType = "wrapper.app-extension"; includeInIndex = 0; path = DynamicislandWidgetExtension.appex; sourceTree = BUILT_PRODUCTS_DIR; };
		E53E77DB2B59A43800963EB7 /* WidgetKit.framework */ = {isa = PBXFileReference; lastKnownFileType = wrapper.framework; name = WidgetKit.framework; path = System/Library/Frameworks/WidgetKit.framework; sourceTree = SDKROOT; };
		E53E77DD2B59A43800963EB7 /* SwiftUI.framework */ = {isa = PBXFileReference; lastKnownFileType = wrapper.framework; name = SwiftUI.framework; path = System/Library/Frameworks/SwiftUI.framework; sourceTree = SDKROOT; };
		E53E77E02B59A43800963EB7 /* DynamicislandWidgetBundle.swift */ = {isa = PBXFileReference; lastKnownFileType = sourcecode.swift; path = DynamicislandWidgetBundle.swift; sourceTree = "<group>"; };
		E53E77E22B59A43800963EB7 /* DynamicislandWidgetLiveActivity.swift */ = {isa = PBXFileReference; lastKnownFileType = sourcecode.swift; path = DynamicislandWidgetLiveActivity.swift; sourceTree = "<group>"; };
		E53E77E42B59A43800963EB7 /* DynamicislandWidget.swift */ = {isa = PBXFileReference; lastKnownFileType = sourcecode.swift; path = DynamicislandWidget.swift; sourceTree = "<group>"; };
		E53E77E62B59A43800963EB7 /* AppIntent.swift */ = {isa = PBXFileReference; lastKnownFileType = sourcecode.swift; path = AppIntent.swift; sourceTree = "<group>"; };
		E53E77E82B59A43900963EB7 /* Assets.xcassets */ = {isa = PBXFileReference; lastKnownFileType = folder.assetcatalog; path = Assets.xcassets; sourceTree = "<group>"; };
		E53E77EA2B59A43900963EB7 /* Info.plist */ = {isa = PBXFileReference; lastKnownFileType = text.plist.xml; path = Info.plist; sourceTree = "<group>"; };
		E54B0FF72B454C1200CC1925 /* ChocolateModel.swift */ = {isa = PBXFileReference; lastKnownFileType = sourcecode.swift; path = ChocolateModel.swift; sourceTree = "<group>"; };
		E5797AB32B56D43400BEE375 /* lockHome.swift */ = {isa = PBXFileReference; lastKnownFileType = sourcecode.swift; path = lockHome.swift; sourceTree = "<group>"; };
		E5A122CE2B3A990C00C03F38 /* TextModel.swift */ = {isa = PBXFileReference; lastKnownFileType = sourcecode.swift; path = TextModel.swift; sourceTree = "<group>"; };
		E5A122D12B3A9A0900C03F38 /* ContentView.swift */ = {isa = PBXFileReference; lastKnownFileType = sourcecode.swift; path = ContentView.swift; sourceTree = "<group>"; };
		E5D61CB72B55969B00EA36F8 /* ListModel.swift */ = {isa = PBXFileReference; lastKnownFileType = sourcecode.swift; path = ListModel.swift; sourceTree = "<group>"; };
		E5D61CBB2B55986A00EA36F8 /* 나눔손글씨 꽃내음.ttf */ = {isa = PBXFileReference; lastKnownFileType = file; path = "나눔손글씨 꽃내음.ttf"; sourceTree = "<group>"; };
		E5D61CBD2B559A7000EA36F8 /* Info.plist */ = {isa = PBXFileReference; lastKnownFileType = text.plist; path = Info.plist; sourceTree = "<group>"; };
		E5DDCDE02B3719BC005567CE /* Sweety.app */ = {isa = PBXFileReference; explicitFileType = wrapper.application; includeInIndex = 0; path = Sweety.app; sourceTree = BUILT_PRODUCTS_DIR; };
		E5DDCDE32B3719BC005567CE /* SweetyApp.swift */ = {isa = PBXFileReference; lastKnownFileType = sourcecode.swift; path = SweetyApp.swift; sourceTree = "<group>"; };
		E5DDCDE52B3719BC005567CE /* Home.swift */ = {isa = PBXFileReference; lastKnownFileType = sourcecode.swift; path = Home.swift; sourceTree = "<group>"; };
		E5DDCDE72B3719BD005567CE /* Assets.xcassets */ = {isa = PBXFileReference; lastKnownFileType = folder.assetcatalog; path = Assets.xcassets; sourceTree = "<group>"; };
		E5DDCDEA2B3719BD005567CE /* Preview Assets.xcassets */ = {isa = PBXFileReference; lastKnownFileType = folder.assetcatalog; path = "Preview Assets.xcassets"; sourceTree = "<group>"; };
		E5DDCDF12B371AFC005567CE /* ListView.swift */ = {isa = PBXFileReference; lastKnownFileType = sourcecode.swift; path = ListView.swift; sourceTree = "<group>"; };
		E5DDCDF62B371B97005567CE /* Eatting.swift */ = {isa = PBXFileReference; lastKnownFileType = sourcecode.swift; path = Eatting.swift; sourceTree = "<group>"; };
/* End PBXFileReference section */

/* Begin PBXFrameworksBuildPhase section */
		E53E77D62B59A43700963EB7 /* Frameworks */ = {
			isa = PBXFrameworksBuildPhase;
			buildActionMask = 2147483647;
			files = (
				E53E77DE2B59A43800963EB7 /* SwiftUI.framework in Frameworks */,
				E53E77DC2B59A43800963EB7 /* WidgetKit.framework in Frameworks */,
			);
			runOnlyForDeploymentPostprocessing = 0;
		};
		E5DDCDDD2B3719BC005567CE /* Frameworks */ = {
			isa = PBXFrameworksBuildPhase;
			buildActionMask = 2147483647;
			files = (
			);
			runOnlyForDeploymentPostprocessing = 0;
		};
/* End PBXFrameworksBuildPhase section */

/* Begin PBXGroup section */
		E53E77DA2B59A43800963EB7 /* Frameworks */ = {
			isa = PBXGroup;
			children = (
				E53E77DB2B59A43800963EB7 /* WidgetKit.framework */,
				E53E77DD2B59A43800963EB7 /* SwiftUI.framework */,
			);
			name = Frameworks;
			sourceTree = "<group>";
		};
		E53E77DF2B59A43800963EB7 /* DynamicislandWidget */ = {
			isa = PBXGroup;
			children = (
				E53E77E02B59A43800963EB7 /* DynamicislandWidgetBundle.swift */,
				E53E77E22B59A43800963EB7 /* DynamicislandWidgetLiveActivity.swift */,
				E53E77E42B59A43800963EB7 /* DynamicislandWidget.swift */,
				E53E77E62B59A43800963EB7 /* AppIntent.swift */,
				E53E77E82B59A43900963EB7 /* Assets.xcassets */,
				E53E77EA2B59A43900963EB7 /* Info.plist */,
			);
			path = DynamicislandWidget;
			sourceTree = "<group>";
		};
		E5A122CD2B3A98ED00C03F38 /* Source */ = {
			isa = PBXGroup;
			children = (
				E5A122CE2B3A990C00C03F38 /* TextModel.swift */,
			);
			path = Source;
			sourceTree = "<group>";
		};
		E5A122D02B3A99F200C03F38 /* ContentView */ = {
			isa = PBXGroup;
			children = (
				E5A122D12B3A9A0900C03F38 /* ContentView.swift */,
			);
			path = ContentView;
			sourceTree = "<group>";
		};
		E5D61CB92B55976600EA36F8 /* Resource */ = {
			isa = PBXGroup;
			children = (
				E5D61CBA2B55978300EA36F8 /* Fonts */,
				E5DDCDE72B3719BD005567CE /* Assets.xcassets */,
			);
			path = Resource;
			sourceTree = "<group>";
		};
		E5D61CBA2B55978300EA36F8 /* Fonts */ = {
			isa = PBXGroup;
			children = (
				E5D61CBB2B55986A00EA36F8 /* 나눔손글씨 꽃내음.ttf */,
			);
			path = Fonts;
			sourceTree = "<group>";
		};
		E5DDCDD72B3719BC005567CE = {
			isa = PBXGroup;
			children = (
				E5DDCDE22B3719BC005567CE /* Sweety */,
				E53E77DF2B59A43800963EB7 /* DynamicislandWidget */,
				E53E77DA2B59A43800963EB7 /* Frameworks */,
				E5DDCDE12B3719BC005567CE /* Products */,
			);
			sourceTree = "<group>";
		};
		E5DDCDE12B3719BC005567CE /* Products */ = {
			isa = PBXGroup;
			children = (
				E5DDCDE02B3719BC005567CE /* Sweety.app */,
				E53E77D92B59A43700963EB7 /* DynamicislandWidgetExtension.appex */,
			);
			name = Products;
			sourceTree = "<group>";
		};
		E5DDCDE22B3719BC005567CE /* Sweety */ = {
			isa = PBXGroup;
			children = (
				E5D61CBD2B559A7000EA36F8 /* Info.plist */,
				E5DDCDE32B3719BC005567CE /* SweetyApp.swift */,
				E5A122D02B3A99F200C03F38 /* ContentView */,
				E5DDCDF32B371B1A005567CE /* Home */,
				E5DDCDF42B371B28005567CE /* List */,
				E5DDCDF52B371B34005567CE /* Eatting */,
				E5A122CD2B3A98ED00C03F38 /* Source */,
				E5D61CB92B55976600EA36F8 /* Resource */,
				E5DDCDE92B3719BD005567CE /* Preview Content */,
			);
			path = Sweety;
			sourceTree = "<group>";
		};
		E5DDCDE92B3719BD005567CE /* Preview Content */ = {
			isa = PBXGroup;
			children = (
				E5DDCDEA2B3719BD005567CE /* Preview Assets.xcassets */,
			);
			path = "Preview Content";
			sourceTree = "<group>";
		};
		E5DDCDF32B371B1A005567CE /* Home */ = {
			isa = PBXGroup;
			children = (
				E5DDCDE52B3719BC005567CE /* Home.swift */,
				E5797AB32B56D43400BEE375 /* lockHome.swift */,
			);
			path = Home;
			sourceTree = "<group>";
		};
		E5DDCDF42B371B28005567CE /* List */ = {
			isa = PBXGroup;
			children = (
				E5DDCDF12B371AFC005567CE /* ListView.swift */,
				E5D61CB72B55969B00EA36F8 /* ListModel.swift */,
			);
			path = List;
			sourceTree = "<group>";
		};
		E5DDCDF52B371B34005567CE /* Eatting */ = {
			isa = PBXGroup;
			children = (
				E5DDCDF62B371B97005567CE /* Eatting.swift */,
				E54B0FF72B454C1200CC1925 /* ChocolateModel.swift */,
			);
			path = Eatting;
			sourceTree = "<group>";
		};
/* End PBXGroup section */

/* Begin PBXNativeTarget section */
		E53E77D82B59A43700963EB7 /* DynamicislandWidgetExtension */ = {
			isa = PBXNativeTarget;
			buildConfigurationList = E53E77EE2B59A43900963EB7 /* Build configuration list for PBXNativeTarget "DynamicislandWidgetExtension" */;
			buildPhases = (
				E53E77D52B59A43700963EB7 /* Sources */,
				E53E77D62B59A43700963EB7 /* Frameworks */,
				E53E77D72B59A43700963EB7 /* Resources */,
			);
			buildRules = (
			);
			dependencies = (
			);
			name = DynamicislandWidgetExtension;
			productName = DynamicislandWidgetExtension;
			productReference = E53E77D92B59A43700963EB7 /* DynamicislandWidgetExtension.appex */;
			productType = "com.apple.product-type.app-extension";
		};
		E5DDCDDF2B3719BC005567CE /* Sweety */ = {
			isa = PBXNativeTarget;
			buildConfigurationList = E5DDCDEE2B3719BD005567CE /* Build configuration list for PBXNativeTarget "Sweety" */;
			buildPhases = (
				E5DDCDDC2B3719BC005567CE /* Sources */,
				E5DDCDDD2B3719BC005567CE /* Frameworks */,
				E5DDCDDE2B3719BC005567CE /* Resources */,
				E53E77F12B59A43900963EB7 /* Embed Foundation Extensions */,
			);
			buildRules = (
			);
			dependencies = (
				E53E77EC2B59A43900963EB7 /* PBXTargetDependency */,
			);
			name = Sweety;
			productName = Sweety;
			productReference = E5DDCDE02B3719BC005567CE /* Sweety.app */;
			productType = "com.apple.product-type.application";
		};
/* End PBXNativeTarget section */

/* Begin PBXProject section */
		E5DDCDD82B3719BC005567CE /* Project object */ = {
			isa = PBXProject;
			attributes = {
				BuildIndependentTargetsInParallel = 1;
				LastSwiftUpdateCheck = 1520;
				LastUpgradeCheck = 1510;
				TargetAttributes = {
					E53E77D82B59A43700963EB7 = {
						CreatedOnToolsVersion = 15.2;
					};
					E5DDCDDF2B3719BC005567CE = {
						CreatedOnToolsVersion = 15.1;
					};
				};
			};
			buildConfigurationList = E5DDCDDB2B3719BC005567CE /* Build configuration list for PBXProject "Sweety" */;
			compatibilityVersion = "Xcode 14.0";
			developmentRegion = en;
			hasScannedForEncodings = 0;
			knownRegions = (
				en,
				Base,
			);
			mainGroup = E5DDCDD72B3719BC005567CE;
			productRefGroup = E5DDCDE12B3719BC005567CE /* Products */;
			projectDirPath = "";
			projectRoot = "";
			targets = (
				E5DDCDDF2B3719BC005567CE /* Sweety */,
				E53E77D82B59A43700963EB7 /* DynamicislandWidgetExtension */,
			);
		};
/* End PBXProject section */

/* Begin PBXResourcesBuildPhase section */
		E53E77D72B59A43700963EB7 /* Resources */ = {
			isa = PBXResourcesBuildPhase;
			buildActionMask = 2147483647;
			files = (
				E53E77E92B59A43900963EB7 /* Assets.xcassets in Resources */,
			);
			runOnlyForDeploymentPostprocessing = 0;
		};
		E5DDCDDE2B3719BC005567CE /* Resources */ = {
			isa = PBXResourcesBuildPhase;
			buildActionMask = 2147483647;
			files = (
				E5D61CBC2B55986A00EA36F8 /* 나눔손글씨 꽃내음.ttf in Resources */,
				E5DDCDEB2B3719BD005567CE /* Preview Assets.xcassets in Resources */,
				E5DDCDE82B3719BD005567CE /* Assets.xcassets in Resources */,
			);
			runOnlyForDeploymentPostprocessing = 0;
		};
/* End PBXResourcesBuildPhase section */

/* Begin PBXSourcesBuildPhase section */
		E53E77D52B59A43700963EB7 /* Sources */ = {
			isa = PBXSourcesBuildPhase;
			buildActionMask = 2147483647;
			files = (
				E53E77E12B59A43800963EB7 /* DynamicislandWidgetBundle.swift in Sources */,
				E53E77FA2B5A765500963EB7 /* DynamicislandWidget.swift in Sources */,
				E53E77E72B59A43800963EB7 /* AppIntent.swift in Sources */,
				E53E77E32B59A43800963EB7 /* DynamicislandWidgetLiveActivity.swift in Sources */,
				E53E77F32B59AA4F00963EB7 /* lockHome.swift in Sources */,
			);
			runOnlyForDeploymentPostprocessing = 0;
		};
		E5DDCDDC2B3719BC005567CE /* Sources */ = {
			isa = PBXSourcesBuildPhase;
			buildActionMask = 2147483647;
			files = (
				E54B0FF82B454C1200CC1925 /* ChocolateModel.swift in Sources */,
				E5DDCDF72B371B97005567CE /* Eatting.swift in Sources */,
				E5DDCDE62B3719BC005567CE /* Home.swift in Sources */,
				E5A122D22B3A9A0900C03F38 /* ContentView.swift in Sources */,
				E5DDCDE42B3719BC005567CE /* SweetyApp.swift in Sources */,
				E53E77F82B59AE8100963EB7 /* DynamicislandWidgetLiveActivity.swift in Sources */,
				E5DDCDF22B371AFC005567CE /* ListView.swift in Sources */,
				E5A122CF2B3A990C00C03F38 /* TextModel.swift in Sources */,
				E5797AB42B56D43400BEE375 /* lockHome.swift in Sources */,
				E5D61CB82B55969B00EA36F8 /* ListModel.swift in Sources */,
			);
			runOnlyForDeploymentPostprocessing = 0;
		};
/* End PBXSourcesBuildPhase section */

/* Begin PBXTargetDependency section */
		E53E77EC2B59A43900963EB7 /* PBXTargetDependency */ = {
			isa = PBXTargetDependency;
			target = E53E77D82B59A43700963EB7 /* DynamicislandWidgetExtension */;
			targetProxy = E53E77EB2B59A43900963EB7 /* PBXContainerItemProxy */;
		};
/* End PBXTargetDependency section */

/* Begin XCBuildConfiguration section */
		E53E77EF2B59A43900963EB7 /* Debug */ = {
			isa = XCBuildConfiguration;
			buildSettings = {
				ASSETCATALOG_COMPILER_GLOBAL_ACCENT_COLOR_NAME = AccentColor;
				ASSETCATALOG_COMPILER_WIDGET_BACKGROUND_COLOR_NAME = WidgetBackground;
				CODE_SIGN_STYLE = Automatic;
				CURRENT_PROJECT_VERSION = 1;
				GENERATE_INFOPLIST_FILE = YES;
				INFOPLIST_FILE = DynamicislandWidget/Info.plist;
				INFOPLIST_KEY_CFBundleDisplayName = DynamicislandWidget;
				INFOPLIST_KEY_NSHumanReadableCopyright = "";
				LD_RUNPATH_SEARCH_PATHS = (
					"$(inherited)",
					"@executable_path/Frameworks",
					"@executable_path/../../Frameworks",
				);
				MARKETING_VERSION = 1.0;
				PRODUCT_BUNDLE_IDENTIFIER = Rx.Sweety.DynamicislandWidget;
				PRODUCT_NAME = "$(TARGET_NAME)";
				SKIP_INSTALL = YES;
				SWIFT_EMIT_LOC_STRINGS = YES;
				SWIFT_VERSION = 5.0;
				TARGETED_DEVICE_FAMILY = "1,2";
			};
			name = Debug;
		};
		E53E77F02B59A43900963EB7 /* Release */ = {
			isa = XCBuildConfiguration;
			buildSettings = {
				ASSETCATALOG_COMPILER_GLOBAL_ACCENT_COLOR_NAME = AccentColor;
				ASSETCATALOG_COMPILER_WIDGET_BACKGROUND_COLOR_NAME = WidgetBackground;
				CODE_SIGN_STYLE = Automatic;
				CURRENT_PROJECT_VERSION = 1;
				GENERATE_INFOPLIST_FILE = YES;
				INFOPLIST_FILE = DynamicislandWidget/Info.plist;
				INFOPLIST_KEY_CFBundleDisplayName = DynamicislandWidget;
				INFOPLIST_KEY_NSHumanReadableCopyright = "";
				LD_RUNPATH_SEARCH_PATHS = (
					"$(inherited)",
					"@executable_path/Frameworks",
					"@executable_path/../../Frameworks",
				);
				MARKETING_VERSION = 1.0;
				PRODUCT_BUNDLE_IDENTIFIER = Rx.Sweety.DynamicislandWidget;
				PRODUCT_NAME = "$(TARGET_NAME)";
				SKIP_INSTALL = YES;
				SWIFT_EMIT_LOC_STRINGS = YES;
				SWIFT_VERSION = 5.0;
				TARGETED_DEVICE_FAMILY = "1,2";
			};
			name = Release;
		};
		E5DDCDEC2B3719BD005567CE /* Debug */ = {
			isa = XCBuildConfiguration;
			buildSettings = {
				ALWAYS_SEARCH_USER_PATHS = NO;
				ASSETCATALOG_COMPILER_GENERATE_SWIFT_ASSET_SYMBOL_EXTENSIONS = YES;
				CLANG_ANALYZER_NONNULL = YES;
				CLANG_ANALYZER_NUMBER_OBJECT_CONVERSION = YES_AGGRESSIVE;
				CLANG_CXX_LANGUAGE_STANDARD = "gnu++20";
				CLANG_ENABLE_MODULES = YES;
				CLANG_ENABLE_OBJC_ARC = YES;
				CLANG_ENABLE_OBJC_WEAK = YES;
				CLANG_WARN_BLOCK_CAPTURE_AUTORELEASING = YES;
				CLANG_WARN_BOOL_CONVERSION = YES;
				CLANG_WARN_COMMA = YES;
				CLANG_WARN_CONSTANT_CONVERSION = YES;
				CLANG_WARN_DEPRECATED_OBJC_IMPLEMENTATIONS = YES;
				CLANG_WARN_DIRECT_OBJC_ISA_USAGE = YES_ERROR;
				CLANG_WARN_DOCUMENTATION_COMMENTS = YES;
				CLANG_WARN_EMPTY_BODY = YES;
				CLANG_WARN_ENUM_CONVERSION = YES;
				CLANG_WARN_INFINITE_RECURSION = YES;
				CLANG_WARN_INT_CONVERSION = YES;
				CLANG_WARN_NON_LITERAL_NULL_CONVERSION = YES;
				CLANG_WARN_OBJC_IMPLICIT_RETAIN_SELF = YES;
				CLANG_WARN_OBJC_LITERAL_CONVERSION = YES;
				CLANG_WARN_OBJC_ROOT_CLASS = YES_ERROR;
				CLANG_WARN_QUOTED_INCLUDE_IN_FRAMEWORK_HEADER = YES;
				CLANG_WARN_RANGE_LOOP_ANALYSIS = YES;
				CLANG_WARN_STRICT_PROTOTYPES = YES;
				CLANG_WARN_SUSPICIOUS_MOVE = YES;
				CLANG_WARN_UNGUARDED_AVAILABILITY = YES_AGGRESSIVE;
				CLANG_WARN_UNREACHABLE_CODE = YES;
				CLANG_WARN__DUPLICATE_METHOD_MATCH = YES;
				COPY_PHASE_STRIP = NO;
				DEBUG_INFORMATION_FORMAT = dwarf;
				ENABLE_STRICT_OBJC_MSGSEND = YES;
				ENABLE_TESTABILITY = YES;
				ENABLE_USER_SCRIPT_SANDBOXING = YES;
				GCC_C_LANGUAGE_STANDARD = gnu17;
				GCC_DYNAMIC_NO_PIC = NO;
				GCC_NO_COMMON_BLOCKS = YES;
				GCC_OPTIMIZATION_LEVEL = 0;
				GCC_PREPROCESSOR_DEFINITIONS = (
					"DEBUG=1",
					"$(inherited)",
				);
				GCC_WARN_64_TO_32_BIT_CONVERSION = YES;
				GCC_WARN_ABOUT_RETURN_TYPE = YES_ERROR;
				GCC_WARN_UNDECLARED_SELECTOR = YES;
				GCC_WARN_UNINITIALIZED_AUTOS = YES_AGGRESSIVE;
				GCC_WARN_UNUSED_FUNCTION = YES;
				GCC_WARN_UNUSED_VARIABLE = YES;
				IPHONEOS_DEPLOYMENT_TARGET = 17.2;
				LOCALIZATION_PREFERS_STRING_CATALOGS = YES;
				MTL_ENABLE_DEBUG_INFO = INCLUDE_SOURCE;
				MTL_FAST_MATH = YES;
				ONLY_ACTIVE_ARCH = YES;
				SDKROOT = iphoneos;
				SWIFT_ACTIVE_COMPILATION_CONDITIONS = "DEBUG $(inherited)";
				SWIFT_OPTIMIZATION_LEVEL = "-Onone";
			};
			name = Debug;
		};
		E5DDCDED2B3719BD005567CE /* Release */ = {
			isa = XCBuildConfiguration;
			buildSettings = {
				ALWAYS_SEARCH_USER_PATHS = NO;
				ASSETCATALOG_COMPILER_GENERATE_SWIFT_ASSET_SYMBOL_EXTENSIONS = YES;
				CLANG_ANALYZER_NONNULL = YES;
				CLANG_ANALYZER_NUMBER_OBJECT_CONVERSION = YES_AGGRESSIVE;
				CLANG_CXX_LANGUAGE_STANDARD = "gnu++20";
				CLANG_ENABLE_MODULES = YES;
				CLANG_ENABLE_OBJC_ARC = YES;
				CLANG_ENABLE_OBJC_WEAK = YES;
				CLANG_WARN_BLOCK_CAPTURE_AUTORELEASING = YES;
				CLANG_WARN_BOOL_CONVERSION = YES;
				CLANG_WARN_COMMA = YES;
				CLANG_WARN_CONSTANT_CONVERSION = YES;
				CLANG_WARN_DEPRECATED_OBJC_IMPLEMENTATIONS = YES;
				CLANG_WARN_DIRECT_OBJC_ISA_USAGE = YES_ERROR;
				CLANG_WARN_DOCUMENTATION_COMMENTS = YES;
				CLANG_WARN_EMPTY_BODY = YES;
				CLANG_WARN_ENUM_CONVERSION = YES;
				CLANG_WARN_INFINITE_RECURSION = YES;
				CLANG_WARN_INT_CONVERSION = YES;
				CLANG_WARN_NON_LITERAL_NULL_CONVERSION = YES;
				CLANG_WARN_OBJC_IMPLICIT_RETAIN_SELF = YES;
				CLANG_WARN_OBJC_LITERAL_CONVERSION = YES;
				CLANG_WARN_OBJC_ROOT_CLASS = YES_ERROR;
				CLANG_WARN_QUOTED_INCLUDE_IN_FRAMEWORK_HEADER = YES;
				CLANG_WARN_RANGE_LOOP_ANALYSIS = YES;
				CLANG_WARN_STRICT_PROTOTYPES = YES;
				CLANG_WARN_SUSPICIOUS_MOVE = YES;
				CLANG_WARN_UNGUARDED_AVAILABILITY = YES_AGGRESSIVE;
				CLANG_WARN_UNREACHABLE_CODE = YES;
				CLANG_WARN__DUPLICATE_METHOD_MATCH = YES;
				COPY_PHASE_STRIP = NO;
				DEBUG_INFORMATION_FORMAT = "dwarf-with-dsym";
				ENABLE_NS_ASSERTIONS = NO;
				ENABLE_STRICT_OBJC_MSGSEND = YES;
				ENABLE_USER_SCRIPT_SANDBOXING = YES;
				GCC_C_LANGUAGE_STANDARD = gnu17;
				GCC_NO_COMMON_BLOCKS = YES;
				GCC_WARN_64_TO_32_BIT_CONVERSION = YES;
				GCC_WARN_ABOUT_RETURN_TYPE = YES_ERROR;
				GCC_WARN_UNDECLARED_SELECTOR = YES;
				GCC_WARN_UNINITIALIZED_AUTOS = YES_AGGRESSIVE;
				GCC_WARN_UNUSED_FUNCTION = YES;
				GCC_WARN_UNUSED_VARIABLE = YES;
				IPHONEOS_DEPLOYMENT_TARGET = 17.2;
				LOCALIZATION_PREFERS_STRING_CATALOGS = YES;
				MTL_ENABLE_DEBUG_INFO = NO;
				MTL_FAST_MATH = YES;
				SDKROOT = iphoneos;
				SWIFT_COMPILATION_MODE = wholemodule;
				VALIDATE_PRODUCT = YES;
			};
			name = Release;
		};
		E5DDCDEF2B3719BD005567CE /* Debug */ = {
			isa = XCBuildConfiguration;
			buildSettings = {
				ALWAYS_EMBED_SWIFT_STANDARD_LIBRARIES = YES;
				ASSETCATALOG_COMPILER_APPICON_NAME = AppIcon;
				ASSETCATALOG_COMPILER_GLOBAL_ACCENT_COLOR_NAME = AccentColor;
				CODE_SIGN_STYLE = Automatic;
				CURRENT_PROJECT_VERSION = 1;
				DEVELOPMENT_ASSET_PATHS = "\"Sweety/Preview Content\"";
				ENABLE_PREVIEWS = YES;
				GENERATE_INFOPLIST_FILE = YES;
				INFOPLIST_FILE = Sweety/Info.plist;
				INFOPLIST_KEY_NSSupportsLiveActivities = YES;
				INFOPLIST_KEY_UIApplicationSceneManifest_Generation = YES;
				INFOPLIST_KEY_UIApplicationSupportsIndirectInputEvents = YES;
				INFOPLIST_KEY_UILaunchScreen_Generation = YES;
				INFOPLIST_KEY_UISupportedInterfaceOrientations_iPad = "UIInterfaceOrientationPortrait UIInterfaceOrientationPortraitUpsideDown UIInterfaceOrientationLandscapeLeft UIInterfaceOrientationLandscapeRight";
				INFOPLIST_KEY_UISupportedInterfaceOrientations_iPhone = "UIInterfaceOrientationPortrait UIInterfaceOrientationLandscapeLeft UIInterfaceOrientationLandscapeRight";
				LD_RUNPATH_SEARCH_PATHS = (
					"$(inherited)",
					"@executable_path/Frameworks",
				);
				MARKETING_VERSION = 1.0;
				PRODUCT_BUNDLE_IDENTIFIER = Rx.Sweety;
				PRODUCT_NAME = "$(TARGET_NAME)";
				SWIFT_EMIT_LOC_STRINGS = YES;
				SWIFT_VERSION = 5.0;
				TARGETED_DEVICE_FAMILY = "1,2";
			};
			name = Debug;
		};
		E5DDCDF02B3719BD005567CE /* Release */ = {
			isa = XCBuildConfiguration;
			buildSettings = {
				ALWAYS_EMBED_SWIFT_STANDARD_LIBRARIES = YES;
				ASSETCATALOG_COMPILER_APPICON_NAME = AppIcon;
				ASSETCATALOG_COMPILER_GLOBAL_ACCENT_COLOR_NAME = AccentColor;
				CODE_SIGN_STYLE = Automatic;
				CURRENT_PROJECT_VERSION = 1;
				DEVELOPMENT_ASSET_PATHS = "\"Sweety/Preview Content\"";
				ENABLE_PREVIEWS = YES;
				GENERATE_INFOPLIST_FILE = YES;
				INFOPLIST_FILE = Sweety/Info.plist;
				INFOPLIST_KEY_NSSupportsLiveActivities = YES;
				INFOPLIST_KEY_UIApplicationSceneManifest_Generation = YES;
				INFOPLIST_KEY_UIApplicationSupportsIndirectInputEvents = YES;
				INFOPLIST_KEY_UILaunchScreen_Generation = YES;
				INFOPLIST_KEY_UISupportedInterfaceOrientations_iPad = "UIInterfaceOrientationPortrait UIInterfaceOrientationPortraitUpsideDown UIInterfaceOrientationLandscapeLeft UIInterfaceOrientationLandscapeRight";
				INFOPLIST_KEY_UISupportedInterfaceOrientations_iPhone = "UIInterfaceOrientationPortrait UIInterfaceOrientationLandscapeLeft UIInterfaceOrientationLandscapeRight";
				LD_RUNPATH_SEARCH_PATHS = (
					"$(inherited)",
					"@executable_path/Frameworks",
				);
				MARKETING_VERSION = 1.0;
				PRODUCT_BUNDLE_IDENTIFIER = Rx.Sweety;
				PRODUCT_NAME = "$(TARGET_NAME)";
				SWIFT_EMIT_LOC_STRINGS = YES;
				SWIFT_VERSION = 5.0;
				TARGETED_DEVICE_FAMILY = "1,2";
			};
			name = Release;
		};
/* End XCBuildConfiguration section */

/* Begin XCConfigurationList section */
		E53E77EE2B59A43900963EB7 /* Build configuration list for PBXNativeTarget "DynamicislandWidgetExtension" */ = {
			isa = XCConfigurationList;
			buildConfigurations = (
				E53E77EF2B59A43900963EB7 /* Debug */,
				E53E77F02B59A43900963EB7 /* Release */,
			);
			defaultConfigurationIsVisible = 0;
			defaultConfigurationName = Release;
		};
		E5DDCDDB2B3719BC005567CE /* Build configuration list for PBXProject "Sweety" */ = {
			isa = XCConfigurationList;
			buildConfigurations = (
				E5DDCDEC2B3719BD005567CE /* Debug */,
				E5DDCDED2B3719BD005567CE /* Release */,
			);
			defaultConfigurationIsVisible = 0;
			defaultConfigurationName = Release;
		};
		E5DDCDEE2B3719BD005567CE /* Build configuration list for PBXNativeTarget "Sweety" */ = {
			isa = XCConfigurationList;
			buildConfigurations = (
				E5DDCDEF2B3719BD005567CE /* Debug */,
				E5DDCDF02B3719BD005567CE /* Release */,
			);
			defaultConfigurationIsVisible = 0;
			defaultConfigurationName = Release;
		};
/* End XCConfigurationList section */
	};
	rootObject = E5DDCDD82B3719BC005567CE /* Project object */;
}
